// !$*UTF8*$!
{
	archiveVersion = 1;
	classes = {
	};
	objectVersion = 77;
	objects = {

/* Begin PBXContainerItemProxy section */
		760249092EAD376C00F9CBCD /* PBXContainerItemProxy */ = {
			isa = PBXContainerItemProxy;
			containerPortal = 760248F02EAD376B00F9CBCD /* Project object */;
			proxyType = 1;
			remoteGlobalIDString = 760248F72EAD376B00F9CBCD;
			remoteInfo = Noter;
		};
		760249132EAD376C00F9CBCD /* PBXContainerItemProxy */ = {
			isa = PBXContainerItemProxy;
			containerPortal = 760248F02EAD376B00F9CBCD /* Project object */;
			proxyType = 1;
			remoteGlobalIDString = 760248F72EAD376B00F9CBCD;
			remoteInfo = Noter;
		};
/* End PBXContainerItemProxy section */

/* Begin PBXFileReference section */
		222EE2352EAD849500BACF1F /* backend_server.cpython-310.pyc */ = {isa = PBXFileReference; lastKnownFileType = file; path = "backend_server.cpython-310.pyc"; sourceTree = "<group>"; };
		222EE2362EAD849500BACF1F /* voice_server.cpython-310.pyc */ = {isa = PBXFileReference; lastKnownFileType = file; path = "voice_server.cpython-310.pyc"; sourceTree = "<group>"; };
		222EE2382EAD849500BACF1F /* settings.local.json */ = {isa = PBXFileReference; lastKnownFileType = text.json; path = settings.local.json; sourceTree = "<group>"; };
		222EE23A2EAD849500BACF1F /* dashboard.css */ = {isa = PBXFileReference; lastKnownFileType = text.css; path = dashboard.css; sourceTree = "<group>"; };
		222EE23B2EAD849500BACF1F /* notebook-style.css */ = {isa = PBXFileReference; lastKnownFileType = text.css; path = "notebook-style.css"; sourceTree = "<group>"; };
		222EE23D2EAD849500BACF1F /* asym1.png */ = {isa = PBXFileReference; lastKnownFileType = image.png; path = asym1.png; sourceTree = "<group>"; };
		222EE23E2EAD849500BACF1F /* asym2.png */ = {isa = PBXFileReference; lastKnownFileType = image.png; path = asym2.png; sourceTree = "<group>"; };
		222EE23F2EAD849500BACF1F /* asymp3.jpeg */ = {isa = PBXFileReference; lastKnownFileType = image.jpeg; path = asymp3.jpeg; sourceTree = "<group>"; };
		222EE2402EAD849500BACF1F /* asymptotics.txt */ = {isa = PBXFileReference; lastKnownFileType = text; path = asymptotics.txt; sourceTree = "<group>"; };
		222EE2412EAD849500BACF1F /* egypt_text.txt */ = {isa = PBXFileReference; lastKnownFileType = text; path = egypt_text.txt; sourceTree = "<group>"; };
		222EE2422EAD849500BACF1F /* egypt1.jpeg */ = {isa = PBXFileReference; lastKnownFileType = image.jpeg; path = egypt1.jpeg; sourceTree = "<group>"; };
		222EE2432EAD849500BACF1F /* egypt2.jpeg */ = {isa = PBXFileReference; lastKnownFileType = image.jpeg; path = egypt2.jpeg; sourceTree = "<group>"; };
		222EE2442EAD849500BACF1F /* egypt3.jpeg */ = {isa = PBXFileReference; lastKnownFileType = image.jpeg; path = egypt3.jpeg; sourceTree = "<group>"; };
		222EE2462EAD849500BACF1F /* ancient-egypt.html */ = {isa = PBXFileReference; lastKnownFileType = text.html; path = "ancient-egypt.html"; sourceTree = "<group>"; };
		222EE2472EAD849500BACF1F /* asymptotics.html */ = {isa = PBXFileReference; lastKnownFileType = text.html; path = asymptotics.html; sourceTree = "<group>"; };
		222EE2492EAD849500BACF1F /* flashcards.html */ = {isa = PBXFileReference; lastKnownFileType = text.html; path = flashcards.html; sourceTree = "<group>"; };
		222EE24C2EAD849500BACF1F /* chat.py */ = {isa = PBXFileReference; lastKnownFileType = text.script.python; path = chat.py; sourceTree = "<group>"; };
		222EE24D2EAD849500BACF1F /* code.py */ = {isa = PBXFileReference; lastKnownFileType = text.script.python; path = code.py; sourceTree = "<group>"; };
		222EE24E2EAD849500BACF1F /* manim_gen_rules.py */ = {isa = PBXFileReference; lastKnownFileType = text.script.python; path = manim_gen_rules.py; sourceTree = "<group>"; };
		222EE24F2EAD849500BACF1F /* prompts.py */ = {isa = PBXFileReference; lastKnownFileType = text.script.python; path = prompts.py; sourceTree = "<group>"; };
		222EE2502EAD849500BACF1F /* video.py */ = {isa = PBXFileReference; lastKnownFileType = text.script.python; path = video.py; sourceTree = "<group>"; };
		222EE2522EAD849500BACF1F /* l1.html */ = {isa = PBXFileReference; lastKnownFileType = text.html; path = l1.html; sourceTree = "<group>"; };
		222EE2532EAD849500BACF1F /* l1.txt */ = {isa = PBXFileReference; lastKnownFileType = text; path = l1.txt; sourceTree = "<group>"; };
		222EE2542EAD849500BACF1F /* l2.html */ = {isa = PBXFileReference; lastKnownFileType = text.html; path = l2.html; sourceTree = "<group>"; };
		222EE2552EAD849500BACF1F /* l2.txt */ = {isa = PBXFileReference; lastKnownFileType = text; path = l2.txt; sourceTree = "<group>"; };
		222EE2562EAD849500BACF1F /* l3.html */ = {isa = PBXFileReference; lastKnownFileType = text.html; path = l3.html; sourceTree = "<group>"; };
		222EE2572EAD849500BACF1F /* l3.txt */ = {isa = PBXFileReference; lastKnownFileType = text; path = l3.txt; sourceTree = "<group>"; };
		222EE2582EAD849500BACF1F /* l4.html */ = {isa = PBXFileReference; lastKnownFileType = text.html; path = l4.html; sourceTree = "<group>"; };
		222EE2592EAD849500BACF1F /* l4.txt */ = {isa = PBXFileReference; lastKnownFileType = text; path = l4.txt; sourceTree = "<group>"; };
		222EE25A2EAD849500BACF1F /* l5.html */ = {isa = PBXFileReference; lastKnownFileType = text.html; path = l5.html; sourceTree = "<group>"; };
		222EE25B2EAD849500BACF1F /* l5.txt */ = {isa = PBXFileReference; lastKnownFileType = text; path = l5.txt; sourceTree = "<group>"; };
		222EE25C2EAD849500BACF1F /* l6.html */ = {isa = PBXFileReference; lastKnownFileType = text.html; path = l6.html; sourceTree = "<group>"; };
		222EE25D2EAD849500BACF1F /* l6.txt */ = {isa = PBXFileReference; lastKnownFileType = text; path = l6.txt; sourceTree = "<group>"; };
		222EE25E2EAD849500BACF1F /* l7.html */ = {isa = PBXFileReference; lastKnownFileType = text.html; path = l7.html; sourceTree = "<group>"; };
		222EE25F2EAD849500BACF1F /* l7.txt */ = {isa = PBXFileReference; lastKnownFileType = text; path = l7.txt; sourceTree = "<group>"; };
		222EE2602EAD849500BACF1F /* l8.html */ = {isa = PBXFileReference; lastKnownFileType = text.html; path = l8.html; sourceTree = "<group>"; };
		222EE2612EAD849500BACF1F /* l8.txt */ = {isa = PBXFileReference; lastKnownFileType = text; path = l8.txt; sourceTree = "<group>"; };
		222EE2622EAD849500BACF1F /* l9.html */ = {isa = PBXFileReference; lastKnownFileType = text.html; path = l9.html; sourceTree = "<group>"; };
		222EE2632EAD849500BACF1F /* l9.txt */ = {isa = PBXFileReference; lastKnownFileType = text; path = l9.txt; sourceTree = "<group>"; };
		222EE2652EAD849500BACF1F /* l1.html */ = {isa = PBXFileReference; lastKnownFileType = text.html; path = l1.html; sourceTree = "<group>"; };
		222EE2662EAD849500BACF1F /* l1.pdf */ = {isa = PBXFileReference; lastKnownFileType = image.pdf; path = l1.pdf; sourceTree = "<group>"; };
		222EE2672EAD849500BACF1F /* l1.py */ = {isa = PBXFileReference; lastKnownFileType = text.script.python; path = l1.py; sourceTree = "<group>"; };
		222EE2682EAD849500BACF1F /* l1.txt */ = {isa = PBXFileReference; lastKnownFileType = text; path = l1.txt; sourceTree = "<group>"; };
		222EE2692EAD849500BACF1F /* l2.html */ = {isa = PBXFileReference; lastKnownFileType = text.html; path = l2.html; sourceTree = "<group>"; };
		222EE26A2EAD849500BACF1F /* l2.pdf */ = {isa = PBXFileReference; lastKnownFileType = image.pdf; path = l2.pdf; sourceTree = "<group>"; };
		222EE26B2EAD849500BACF1F /* l2.py */ = {isa = PBXFileReference; lastKnownFileType = text.script.python; path = l2.py; sourceTree = "<group>"; };
		222EE26C2EAD849500BACF1F /* l2.txt */ = {isa = PBXFileReference; lastKnownFileType = text; path = l2.txt; sourceTree = "<group>"; };
		222EE26D2EAD849500BACF1F /* l3.html */ = {isa = PBXFileReference; lastKnownFileType = text.html; path = l3.html; sourceTree = "<group>"; };
		222EE26E2EAD849500BACF1F /* l3.pdf */ = {isa = PBXFileReference; lastKnownFileType = image.pdf; path = l3.pdf; sourceTree = "<group>"; };
		222EE26F2EAD849500BACF1F /* l3.py */ = {isa = PBXFileReference; lastKnownFileType = text.script.python; path = l3.py; sourceTree = "<group>"; };
		222EE2702EAD849500BACF1F /* l3.txt */ = {isa = PBXFileReference; lastKnownFileType = text; path = l3.txt; sourceTree = "<group>"; };
		222EE2712EAD849500BACF1F /* l4.html */ = {isa = PBXFileReference; lastKnownFileType = text.html; path = l4.html; sourceTree = "<group>"; };
		222EE2722EAD849500BACF1F /* l4.pdf */ = {isa = PBXFileReference; lastKnownFileType = image.pdf; path = l4.pdf; sourceTree = "<group>"; };
		222EE2732EAD849500BACF1F /* l4.py */ = {isa = PBXFileReference; lastKnownFileType = text.script.python; path = l4.py; sourceTree = "<group>"; };
		222EE2742EAD849500BACF1F /* l4.txt */ = {isa = PBXFileReference; lastKnownFileType = text; path = l4.txt; sourceTree = "<group>"; };
		222EE2752EAD849500BACF1F /* l5.html */ = {isa = PBXFileReference; lastKnownFileType = text.html; path = l5.html; sourceTree = "<group>"; };
		222EE2762EAD849500BACF1F /* l5.pdf */ = {isa = PBXFileReference; lastKnownFileType = image.pdf; path = l5.pdf; sourceTree = "<group>"; };
		222EE2772EAD849500BACF1F /* l5.py */ = {isa = PBXFileReference; lastKnownFileType = text.script.python; path = l5.py; sourceTree = "<group>"; };
		222EE2782EAD849500BACF1F /* l5.txt */ = {isa = PBXFileReference; lastKnownFileType = text; path = l5.txt; sourceTree = "<group>"; };
		222EE2792EAD849500BACF1F /* l6.html */ = {isa = PBXFileReference; lastKnownFileType = text.html; path = l6.html; sourceTree = "<group>"; };
		222EE27A2EAD849500BACF1F /* l6.pdf */ = {isa = PBXFileReference; lastKnownFileType = image.pdf; path = l6.pdf; sourceTree = "<group>"; };
		222EE27B2EAD849500BACF1F /* l6.py */ = {isa = PBXFileReference; lastKnownFileType = text.script.python; path = l6.py; sourceTree = "<group>"; };
		222EE27C2EAD849500BACF1F /* l6.txt */ = {isa = PBXFileReference; lastKnownFileType = text; path = l6.txt; sourceTree = "<group>"; };
		222EE27D2EAD849500BACF1F /* l7.html */ = {isa = PBXFileReference; lastKnownFileType = text.html; path = l7.html; sourceTree = "<group>"; };
		222EE27E2EAD849500BACF1F /* l7.pdf */ = {isa = PBXFileReference; lastKnownFileType = image.pdf; path = l7.pdf; sourceTree = "<group>"; };
		222EE27F2EAD849500BACF1F /* l7.py */ = {isa = PBXFileReference; lastKnownFileType = text.script.python; path = l7.py; sourceTree = "<group>"; };
		222EE2802EAD849500BACF1F /* l7.txt */ = {isa = PBXFileReference; lastKnownFileType = text; path = l7.txt; sourceTree = "<group>"; };
		222EE2812EAD849500BACF1F /* l8.html */ = {isa = PBXFileReference; lastKnownFileType = text.html; path = l8.html; sourceTree = "<group>"; };
		222EE2822EAD849500BACF1F /* l8.pdf */ = {isa = PBXFileReference; lastKnownFileType = image.pdf; path = l8.pdf; sourceTree = "<group>"; };
		222EE2832EAD849500BACF1F /* l8.py */ = {isa = PBXFileReference; lastKnownFileType = text.script.python; path = l8.py; sourceTree = "<group>"; };
		222EE2842EAD849500BACF1F /* l8.txt */ = {isa = PBXFileReference; lastKnownFileType = text; path = l8.txt; sourceTree = "<group>"; };
		222EE2852EAD849500BACF1F /* l9.html */ = {isa = PBXFileReference; lastKnownFileType = text.html; path = l9.html; sourceTree = "<group>"; };
		222EE2862EAD849500BACF1F /* l9.pdf */ = {isa = PBXFileReference; lastKnownFileType = image.pdf; path = l9.pdf; sourceTree = "<group>"; };
		222EE2872EAD849500BACF1F /* l9.py */ = {isa = PBXFileReference; lastKnownFileType = text.script.python; path = l9.py; sourceTree = "<group>"; };
		222EE2882EAD849500BACF1F /* l9.txt */ = {isa = PBXFileReference; lastKnownFileType = text; path = l9.txt; sourceTree = "<group>"; };
		222EE2892EAD849500BACF1F /* l10.html */ = {isa = PBXFileReference; lastKnownFileType = text.html; path = l10.html; sourceTree = "<group>"; };
		222EE28A2EAD849500BACF1F /* l10.pdf */ = {isa = PBXFileReference; lastKnownFileType = image.pdf; path = l10.pdf; sourceTree = "<group>"; };
		222EE28B2EAD849500BACF1F /* l10.py */ = {isa = PBXFileReference; lastKnownFileType = text.script.python; path = l10.py; sourceTree = "<group>"; };
		222EE28C2EAD849500BACF1F /* l10.txt */ = {isa = PBXFileReference; lastKnownFileType = text; path = l10.txt; sourceTree = "<group>"; };
		222EE28D2EAD849500BACF1F /* l11.html */ = {isa = PBXFileReference; lastKnownFileType = text.html; path = l11.html; sourceTree = "<group>"; };
		222EE28E2EAD849500BACF1F /* l11.pdf */ = {isa = PBXFileReference; lastKnownFileType = image.pdf; path = l11.pdf; sourceTree = "<group>"; };
		222EE28F2EAD849500BACF1F /* l11.py */ = {isa = PBXFileReference; lastKnownFileType = text.script.python; path = l11.py; sourceTree = "<group>"; };
		222EE2902EAD849500BACF1F /* l11.txt */ = {isa = PBXFileReference; lastKnownFileType = text; path = l11.txt; sourceTree = "<group>"; };
		222EE2912EAD849500BACF1F /* l12.html */ = {isa = PBXFileReference; lastKnownFileType = text.html; path = l12.html; sourceTree = "<group>"; };
		222EE2922EAD849500BACF1F /* l12.pdf */ = {isa = PBXFileReference; lastKnownFileType = image.pdf; path = l12.pdf; sourceTree = "<group>"; };
		222EE2932EAD849500BACF1F /* l12.py */ = {isa = PBXFileReference; lastKnownFileType = text.script.python; path = l12.py; sourceTree = "<group>"; };
		222EE2942EAD849500BACF1F /* l12.txt */ = {isa = PBXFileReference; lastKnownFileType = text; path = l12.txt; sourceTree = "<group>"; };
		222EE2962EAD849500BACF1F /* l1.html */ = {isa = PBXFileReference; lastKnownFileType = text.html; path = l1.html; sourceTree = "<group>"; };
		222EE2972EAD849500BACF1F /* l1.txt */ = {isa = PBXFileReference; lastKnownFileType = text; path = l1.txt; sourceTree = "<group>"; };
		222EE2982EAD849500BACF1F /* l2.html */ = {isa = PBXFileReference; lastKnownFileType = text.html; path = l2.html; sourceTree = "<group>"; };
		222EE2992EAD849500BACF1F /* l2.txt */ = {isa = PBXFileReference; lastKnownFileType = text; path = l2.txt; sourceTree = "<group>"; };
		222EE29B2EAD849500BACF1F /* l1.html */ = {isa = PBXFileReference; lastKnownFileType = text.html; path = l1.html; sourceTree = "<group>"; };
		222EE29C2EAD849500BACF1F /* l1.txt */ = {isa = PBXFileReference; lastKnownFileType = text; path = l1.txt; sourceTree = "<group>"; };
		222EE29D2EAD849500BACF1F /* l2.html */ = {isa = PBXFileReference; lastKnownFileType = text.html; path = l2.html; sourceTree = "<group>"; };
		222EE29E2EAD849500BACF1F /* l2.txt */ = {isa = PBXFileReference; lastKnownFileType = text; path = l2.txt; sourceTree = "<group>"; };
		222EE29F2EAD849500BACF1F /* l3.html */ = {isa = PBXFileReference; lastKnownFileType = text.html; path = l3.html; sourceTree = "<group>"; };
		222EE2A02EAD849500BACF1F /* l3.txt */ = {isa = PBXFileReference; lastKnownFileType = text; path = l3.txt; sourceTree = "<group>"; };
		222EE2A12EAD849500BACF1F /* l4.html */ = {isa = PBXFileReference; lastKnownFileType = text.html; path = l4.html; sourceTree = "<group>"; };
		222EE2A22EAD849500BACF1F /* l4.txt */ = {isa = PBXFileReference; lastKnownFileType = text; path = l4.txt; sourceTree = "<group>"; };
		222EE2A32EAD849500BACF1F /* l5.html */ = {isa = PBXFileReference; lastKnownFileType = text.html; path = l5.html; sourceTree = "<group>"; };
		222EE2A42EAD849500BACF1F /* l5.txt */ = {isa = PBXFileReference; lastKnownFileType = text; path = l5.txt; sourceTree = "<group>"; };
		222EE2A52EAD849500BACF1F /* l6.html */ = {isa = PBXFileReference; lastKnownFileType = text.html; path = l6.html; sourceTree = "<group>"; };
		222EE2A62EAD849500BACF1F /* l6.txt */ = {isa = PBXFileReference; lastKnownFileType = text; path = l6.txt; sourceTree = "<group>"; };
		222EE2AA2EAD849500BACF1F /* txt_to_note.py */ = {isa = PBXFileReference; lastKnownFileType = text.script.python; path = txt_to_note.py; sourceTree = "<group>"; };
		222EE2AC2EAD849500BACF1F /* config.json */ = {isa = PBXFileReference; lastKnownFileType = text.json; path = config.json; sourceTree = "<group>"; };
		222EE2AE2EAD849500BACF1F /* modern.css */ = {isa = PBXFileReference; lastKnownFileType = text.css; path = modern.css; sourceTree = "<group>"; };
		222EE2B02EAD849500BACF1F /* QUICK_START.md */ = {isa = PBXFileReference; lastKnownFileType = net.daringfireball.markdown; path = QUICK_START.md; sourceTree = "<group>"; };
		222EE2B12EAD849500BACF1F /* README.md */ = {isa = PBXFileReference; lastKnownFileType = net.daringfireball.markdown; path = README.md; sourceTree = "<group>"; };
		222EE2B22EAD849500BACF1F /* VOICE_SETUP.md */ = {isa = PBXFileReference; lastKnownFileType = net.daringfireball.markdown; path = VOICE_SETUP.md; sourceTree = "<group>"; };
		222EE2B42EAD849500BACF1F /* claude-service.js */ = {isa = PBXFileReference; lastKnownFileType = sourcecode.javascript; path = "claude-service.js"; sourceTree = "<group>"; };
		222EE2B52EAD849500BACF1F /* dashboard.js */ = {isa = PBXFileReference; lastKnownFileType = sourcecode.javascript; path = dashboard.js; sourceTree = "<group>"; };
		222EE2B62EAD849500BACF1F /* note-assistant.js */ = {isa = PBXFileReference; lastKnownFileType = sourcecode.javascript; path = "note-assistant.js"; sourceTree = "<group>"; };
		222EE2B72EAD849500BACF1F /* note-assistant-voice.js */ = {isa = PBXFileReference; lastKnownFileType = sourcecode.javascript; path = "note-assistant-voice.js"; sourceTree = "<group>"; };
		222EE2B82EAD849500BACF1F /* notebook-script.js */ = {isa = PBXFileReference; lastKnownFileType = sourcecode.javascript; path = "notebook-script.js"; sourceTree = "<group>"; };
		222EE2B92EAD849500BACF1F /* voice-service.js */ = {isa = PBXFileReference; lastKnownFileType = sourcecode.javascript; path = "voice-service.js"; sourceTree = "<group>"; };
		222EE2BC2EAD849500BACF1F /* backend.log */ = {isa = PBXFileReference; lastKnownFileType = text; path = backend.log; sourceTree = "<group>"; };
		222EE2BD2EAD849500BACF1F /* backend.pid */ = {isa = PBXFileReference; lastKnownFileType = text; path = backend.pid; sourceTree = "<group>"; };
		222EE2BE2EAD849500BACF1F /* backend_new.log */ = {isa = PBXFileReference; lastKnownFileType = text; path = backend_new.log; sourceTree = "<group>"; };
		222EE2BF2EAD849500BACF1F /* backend_test.log */ = {isa = PBXFileReference; lastKnownFileType = file; path = backend_test.log; sourceTree = "<group>"; };
		222EE2C02EAD849500BACF1F /* frontend.log */ = {isa = PBXFileReference; lastKnownFileType = text; path = frontend.log; sourceTree = "<group>"; };
		222EE2C12EAD849500BACF1F /* frontend.pid */ = {isa = PBXFileReference; lastKnownFileType = text; path = frontend.pid; sourceTree = "<group>"; };
		222EE2C32EAD849500BACF1F /* animations.html */ = {isa = PBXFileReference; lastKnownFileType = text.html; path = animations.html; sourceTree = "<group>"; };
		222EE2C42EAD849500BACF1F /* flashcards-view.html */ = {isa = PBXFileReference; lastKnownFileType = text.html; path = "flashcards-view.html"; sourceTree = "<group>"; };
		222EE2C52EAD849500BACF1F /* quizzes.html */ = {isa = PBXFileReference; lastKnownFileType = text.html; path = quizzes.html; sourceTree = "<group>"; };
		222EE2C72EAD849500BACF1F /* .env */ = {isa = PBXFileReference; lastKnownFileType = text; path = .env; sourceTree = "<group>"; };
		222EE2C82EAD849500BACF1F /* .gitignore */ = {isa = PBXFileReference; lastKnownFileType = text; path = .gitignore; sourceTree = "<group>"; };
		222EE2C92EAD849500BACF1F /* backend_server.py */ = {isa = PBXFileReference; lastKnownFileType = text.script.python; path = backend_server.py; sourceTree = "<group>"; };
		222EE2CA2EAD849500BACF1F /* FIXES_SUMMARY.md */ = {isa = PBXFileReference; lastKnownFileType = net.daringfireball.markdown; path = FIXES_SUMMARY.md; sourceTree = "<group>"; };
		222EE2CB2EAD849500BACF1F /* index.html */ = {isa = PBXFileReference; lastKnownFileType = text.html; path = index.html; sourceTree = "<group>"; };
		222EE2CC2EAD849500BACF1F /* note-viewer.html */ = {isa = PBXFileReference; lastKnownFileType = text.html; path = "note-viewer.html"; sourceTree = "<group>"; };
		222EE2CD2EAD849500BACF1F /* requirements.txt */ = {isa = PBXFileReference; lastKnownFileType = text; path = requirements.txt; sourceTree = "<group>"; };
		222EE2CE2EAD849500BACF1F /* SETUP.md */ = {isa = PBXFileReference; lastKnownFileType = net.daringfireball.markdown; path = SETUP.md; sourceTree = "<group>"; };
		222EE2CF2EAD849500BACF1F /* start.sh */ = {isa = PBXFileReference; lastKnownFileType = text.script.sh; path = start.sh; sourceTree = "<group>"; };
		222EE2D02EAD849500BACF1F /* START_HERE.md */ = {isa = PBXFileReference; lastKnownFileType = net.daringfireball.markdown; path = START_HERE.md; sourceTree = "<group>"; };
		222EE2D12EAD849500BACF1F /* stop.sh */ = {isa = PBXFileReference; lastKnownFileType = text.script.sh; path = stop.sh; sourceTree = "<group>"; };
		222EE2D22EAD849500BACF1F /* voice_server.py */ = {isa = PBXFileReference; lastKnownFileType = text.script.python; path = voice_server.py; sourceTree = "<group>"; };
		760248F82EAD376B00F9CBCD /* Noter.app */ = {isa = PBXFileReference; explicitFileType = wrapper.application; includeInIndex = 0; path = Noter.app; sourceTree = BUILT_PRODUCTS_DIR; };
		760249082EAD376C00F9CBCD /* NoterTests.xctest */ = {isa = PBXFileReference; explicitFileType = wrapper.cfbundle; includeInIndex = 0; path = NoterTests.xctest; sourceTree = BUILT_PRODUCTS_DIR; };
		760249122EAD376C00F9CBCD /* NoterUITests.xctest */ = {isa = PBXFileReference; explicitFileType = wrapper.cfbundle; includeInIndex = 0; path = NoterUITests.xctest; sourceTree = BUILT_PRODUCTS_DIR; };
		76DF7EAA2EAD620A00209155 /* Noter-icon.icon */ = {isa = PBXFileReference; lastKnownFileType = folder.iconcomposer.icon; path = "Noter-icon.icon"; sourceTree = "<group>"; };
/* End PBXFileReference section */

/* Begin PBXFileSystemSynchronizedRootGroup section */
		760248FA2EAD376B00F9CBCD /* Noter */ = {
			isa = PBXFileSystemSynchronizedRootGroup;
			path = Noter;
			sourceTree = "<group>";
		};
		7602490B2EAD376C00F9CBCD /* NoterTests */ = {
			isa = PBXFileSystemSynchronizedRootGroup;
			path = NoterTests;
			sourceTree = "<group>";
		};
		760249152EAD376C00F9CBCD /* NoterUITests */ = {
			isa = PBXFileSystemSynchronizedRootGroup;
			path = NoterUITests;
			sourceTree = "<group>";
		};
/* End PBXFileSystemSynchronizedRootGroup section */

/* Begin PBXFrameworksBuildPhase section */
		760248F52EAD376B00F9CBCD /* Frameworks */ = {
			isa = PBXFrameworksBuildPhase;
			buildActionMask = 2147483647;
			files = (
			);
			runOnlyForDeploymentPostprocessing = 0;
		};
		760249052EAD376C00F9CBCD /* Frameworks */ = {
			isa = PBXFrameworksBuildPhase;
			buildActionMask = 2147483647;
			files = (
			);
			runOnlyForDeploymentPostprocessing = 0;
		};
		7602490F2EAD376C00F9CBCD /* Frameworks */ = {
			isa = PBXFrameworksBuildPhase;
			buildActionMask = 2147483647;
			files = (
			);
			runOnlyForDeploymentPostprocessing = 0;
		};
/* End PBXFrameworksBuildPhase section */

/* Begin PBXGroup section */
		222EE2372EAD849500BACF1F /* __pycache__ */ = {
			isa = PBXGroup;
			children = (
				222EE2352EAD849500BACF1F /* backend_server.cpython-310.pyc */,
				222EE2362EAD849500BACF1F /* voice_server.cpython-310.pyc */,
			);
			path = __pycache__;
			sourceTree = "<group>";
		};
		222EE2392EAD849500BACF1F /* .claude */ = {
			isa = PBXGroup;
			children = (
				222EE2382EAD849500BACF1F /* settings.local.json */,
			);
			path = .claude;
			sourceTree = "<group>";
		};
		222EE23C2EAD849500BACF1F /* css */ = {
			isa = PBXGroup;
			children = (
				222EE23A2EAD849500BACF1F /* dashboard.css */,
				222EE23B2EAD849500BACF1F /* notebook-style.css */,
			);
			path = css;
			sourceTree = "<group>";
		};
		222EE2452EAD849500BACF1F /* images */ = {
			isa = PBXGroup;
			children = (
				222EE23D2EAD849500BACF1F /* asym1.png */,
				222EE23E2EAD849500BACF1F /* asym2.png */,
				222EE23F2EAD849500BACF1F /* asymp3.jpeg */,
				222EE2402EAD849500BACF1F /* asymptotics.txt */,
				222EE2412EAD849500BACF1F /* egypt_text.txt */,
				222EE2422EAD849500BACF1F /* egypt1.jpeg */,
				222EE2432EAD849500BACF1F /* egypt2.jpeg */,
				222EE2442EAD849500BACF1F /* egypt3.jpeg */,
			);
			path = images;
			sourceTree = "<group>";
		};
		222EE2482EAD849500BACF1F /* notes */ = {
			isa = PBXGroup;
			children = (
				222EE2462EAD849500BACF1F /* ancient-egypt.html */,
				222EE2472EAD849500BACF1F /* asymptotics.html */,
			);
			path = notes;
			sourceTree = "<group>";
		};
		222EE24A2EAD849500BACF1F /* pages */ = {
			isa = PBXGroup;
			children = (
				222EE2492EAD849500BACF1F /* flashcards.html */,
			);
			path = pages;
			sourceTree = "<group>";
		};
		222EE24B2EAD849500BACF1F /* .cleanup_backup */ = {
			isa = PBXGroup;
			children = (
				222EE23C2EAD849500BACF1F /* css */,
				222EE2452EAD849500BACF1F /* images */,
				222EE2482EAD849500BACF1F /* notes */,
				222EE24A2EAD849500BACF1F /* pages */,
			);
			path = .cleanup_backup;
			sourceTree = "<group>";
		};
		222EE2512EAD849500BACF1F /* animation */ = {
			isa = PBXGroup;
			children = (
				222EE24C2EAD849500BACF1F /* chat.py */,
				222EE24D2EAD849500BACF1F /* code.py */,
				222EE24E2EAD849500BACF1F /* manim_gen_rules.py */,
				222EE24F2EAD849500BACF1F /* prompts.py */,
				222EE2502EAD849500BACF1F /* video.py */,
			);
			path = animation;
			sourceTree = "<group>";
		};
		222EE2642EAD849500BACF1F /* bio */ = {
			isa = PBXGroup;
			children = (
				222EE2522EAD849500BACF1F /* l1.html */,
				222EE2532EAD849500BACF1F /* l1.txt */,
				222EE2542EAD849500BACF1F /* l2.html */,
				222EE2552EAD849500BACF1F /* l2.txt */,
				222EE2562EAD849500BACF1F /* l3.html */,
				222EE2572EAD849500BACF1F /* l3.txt */,
				222EE2582EAD849500BACF1F /* l4.html */,
				222EE2592EAD849500BACF1F /* l4.txt */,
				222EE25A2EAD849500BACF1F /* l5.html */,
				222EE25B2EAD849500BACF1F /* l5.txt */,
				222EE25C2EAD849500BACF1F /* l6.html */,
				222EE25D2EAD849500BACF1F /* l6.txt */,
				222EE25E2EAD849500BACF1F /* l7.html */,
				222EE25F2EAD849500BACF1F /* l7.txt */,
				222EE2602EAD849500BACF1F /* l8.html */,
				222EE2612EAD849500BACF1F /* l8.txt */,
				222EE2622EAD849500BACF1F /* l9.html */,
				222EE2632EAD849500BACF1F /* l9.txt */,
			);
			path = bio;
			sourceTree = "<group>";
		};
		222EE2952EAD849500BACF1F /* cs */ = {
			isa = PBXGroup;
			children = (
				222EE2652EAD849500BACF1F /* l1.html */,
				222EE2662EAD849500BACF1F /* l1.pdf */,
				222EE2672EAD849500BACF1F /* l1.py */,
				222EE2682EAD849500BACF1F /* l1.txt */,
				222EE2692EAD849500BACF1F /* l2.html */,
				222EE26A2EAD849500BACF1F /* l2.pdf */,
				222EE26B2EAD849500BACF1F /* l2.py */,
				222EE26C2EAD849500BACF1F /* l2.txt */,
				222EE26D2EAD849500BACF1F /* l3.html */,
				222EE26E2EAD849500BACF1F /* l3.pdf */,
				222EE26F2EAD849500BACF1F /* l3.py */,
				222EE2702EAD849500BACF1F /* l3.txt */,
				222EE2712EAD849500BACF1F /* l4.html */,
				222EE2722EAD849500BACF1F /* l4.pdf */,
				222EE2732EAD849500BACF1F /* l4.py */,
				222EE2742EAD849500BACF1F /* l4.txt */,
				222EE2752EAD849500BACF1F /* l5.html */,
				222EE2762EAD849500BACF1F /* l5.pdf */,
				222EE2772EAD849500BACF1F /* l5.py */,
				222EE2782EAD849500BACF1F /* l5.txt */,
				222EE2792EAD849500BACF1F /* l6.html */,
				222EE27A2EAD849500BACF1F /* l6.pdf */,
				222EE27B2EAD849500BACF1F /* l6.py */,
				222EE27C2EAD849500BACF1F /* l6.txt */,
				222EE27D2EAD849500BACF1F /* l7.html */,
				222EE27E2EAD849500BACF1F /* l7.pdf */,
				222EE27F2EAD849500BACF1F /* l7.py */,
				222EE2802EAD849500BACF1F /* l7.txt */,
				222EE2812EAD849500BACF1F /* l8.html */,
				222EE2822EAD849500BACF1F /* l8.pdf */,
				222EE2832EAD849500BACF1F /* l8.py */,
				222EE2842EAD849500BACF1F /* l8.txt */,
				222EE2852EAD849500BACF1F /* l9.html */,
				222EE2862EAD849500BACF1F /* l9.pdf */,
				222EE2872EAD849500BACF1F /* l9.py */,
				222EE2882EAD849500BACF1F /* l9.txt */,
				222EE2892EAD849500BACF1F /* l10.html */,
				222EE28A2EAD849500BACF1F /* l10.pdf */,
				222EE28B2EAD849500BACF1F /* l10.py */,
				222EE28C2EAD849500BACF1F /* l10.txt */,
				222EE28D2EAD849500BACF1F /* l11.html */,
				222EE28E2EAD849500BACF1F /* l11.pdf */,
				222EE28F2EAD849500BACF1F /* l11.py */,
				222EE2902EAD849500BACF1F /* l11.txt */,
				222EE2912EAD849500BACF1F /* l12.html */,
				222EE2922EAD849500BACF1F /* l12.pdf */,
				222EE2932EAD849500BACF1F /* l12.py */,
				222EE2942EAD849500BACF1F /* l12.txt */,
			);
			path = cs;
			sourceTree = "<group>";
		};
		222EE29A2EAD849500BACF1F /* history */ = {
			isa = PBXGroup;
			children = (
				222EE2962EAD849500BACF1F /* l1.html */,
				222EE2972EAD849500BACF1F /* l1.txt */,
				222EE2982EAD849500BACF1F /* l2.html */,
				222EE2992EAD849500BACF1F /* l2.txt */,
			);
			path = history;
			sourceTree = "<group>";
		};
		222EE2A72EAD849500BACF1F /* philo */ = {
			isa = PBXGroup;
			children = (
				222EE29B2EAD849500BACF1F /* l1.html */,
				222EE29C2EAD849500BACF1F /* l1.txt */,
				222EE29D2EAD849500BACF1F /* l2.html */,
				222EE29E2EAD849500BACF1F /* l2.txt */,
				222EE29F2EAD849500BACF1F /* l3.html */,
				222EE2A02EAD849500BACF1F /* l3.txt */,
				222EE2A12EAD849500BACF1F /* l4.html */,
				222EE2A22EAD849500BACF1F /* l4.txt */,
				222EE2A32EAD849500BACF1F /* l5.html */,
				222EE2A42EAD849500BACF1F /* l5.txt */,
				222EE2A52EAD849500BACF1F /* l6.html */,
				222EE2A62EAD849500BACF1F /* l6.txt */,
			);
			path = philo;
			sourceTree = "<group>";
		};
		222EE2A82EAD849500BACF1F /* sport */ = {
			isa = PBXGroup;
			children = (
			);
			path = sport;
			sourceTree = "<group>";
		};
		222EE2AB2EAD849500BACF1F /* calhacks25 */ = {
			isa = PBXGroup;
			children = (
				222EE2642EAD849500BACF1F /* bio */,
				222EE2952EAD849500BACF1F /* cs */,
				222EE29A2EAD849500BACF1F /* history */,
				222EE2A72EAD849500BACF1F /* philo */,
				222EE2A82EAD849500BACF1F /* sport */,
				222EE2AA2EAD849500BACF1F /* txt_to_note.py */,
			);
			path = calhacks25;
			sourceTree = "<group>";
		};
		222EE2AD2EAD849500BACF1F /* config */ = {
			isa = PBXGroup;
			children = (
				222EE2AC2EAD849500BACF1F /* config.json */,
			);
			path = config;
			sourceTree = "<group>";
		};
		222EE2AF2EAD849500BACF1F /* css */ = {
			isa = PBXGroup;
			children = (
				222EE2AE2EAD849500BACF1F /* modern.css */,
			);
			path = css;
			sourceTree = "<group>";
		};
		222EE2B32EAD849500BACF1F /* docs */ = {
			isa = PBXGroup;
			children = (
				222EE2B02EAD849500BACF1F /* QUICK_START.md */,
				222EE2B12EAD849500BACF1F /* README.md */,
				222EE2B22EAD849500BACF1F /* VOICE_SETUP.md */,
			);
			path = docs;
			sourceTree = "<group>";
		};
		222EE2BA2EAD849500BACF1F /* js */ = {
			isa = PBXGroup;
			children = (
				222EE2B42EAD849500BACF1F /* claude-service.js */,
				222EE2B52EAD849500BACF1F /* dashboard.js */,
				222EE2B62EAD849500BACF1F /* note-assistant.js */,
				222EE2B72EAD849500BACF1F /* note-assistant-voice.js */,
				222EE2B82EAD849500BACF1F /* notebook-script.js */,
				222EE2B92EAD849500BACF1F /* voice-service.js */,
			);
			path = js;
			sourceTree = "<group>";
		};
		222EE2BB2EAD849500BACF1F /* notes */ = {
			isa = PBXGroup;
			children = (
			);
			path = notes;
			sourceTree = "<group>";
		};
		222EE2C22EAD849500BACF1F /* logs */ = {
			isa = PBXGroup;
			children = (
				222EE2BB2EAD849500BACF1F /* notes */,
				222EE2BC2EAD849500BACF1F /* backend.log */,
				222EE2BD2EAD849500BACF1F /* backend.pid */,
				222EE2BE2EAD849500BACF1F /* backend_new.log */,
				222EE2BF2EAD849500BACF1F /* backend_test.log */,
				222EE2C02EAD849500BACF1F /* frontend.log */,
				222EE2C12EAD849500BACF1F /* frontend.pid */,
			);
			path = logs;
			sourceTree = "<group>";
		};
		222EE2C62EAD849500BACF1F /* pages */ = {
			isa = PBXGroup;
			children = (
				222EE2C32EAD849500BACF1F /* animations.html */,
				222EE2C42EAD849500BACF1F /* flashcards-view.html */,
				222EE2C52EAD849500BACF1F /* quizzes.html */,
			);
			path = pages;
			sourceTree = "<group>";
		};
		222EE2D32EAD849500BACF1F /* learning_page_logic */ = {
			isa = PBXGroup;
			children = (
				222EE2372EAD849500BACF1F /* __pycache__ */,
				222EE2392EAD849500BACF1F /* .claude */,
				222EE24B2EAD849500BACF1F /* .cleanup_backup */,
				222EE2512EAD849500BACF1F /* animation */,
				222EE2AB2EAD849500BACF1F /* calhacks25 */,
				222EE2AD2EAD849500BACF1F /* config */,
				222EE2AF2EAD849500BACF1F /* css */,
				222EE2B32EAD849500BACF1F /* docs */,
				222EE2BA2EAD849500BACF1F /* js */,
				222EE2C22EAD849500BACF1F /* logs */,
				222EE2C62EAD849500BACF1F /* pages */,
				222EE2C72EAD849500BACF1F /* .env */,
				222EE2C82EAD849500BACF1F /* .gitignore */,
				222EE2C92EAD849500BACF1F /* backend_server.py */,
				222EE2CA2EAD849500BACF1F /* FIXES_SUMMARY.md */,
				222EE2CB2EAD849500BACF1F /* index.html */,
				222EE2CC2EAD849500BACF1F /* note-viewer.html */,
				222EE2CD2EAD849500BACF1F /* requirements.txt */,
				222EE2CE2EAD849500BACF1F /* SETUP.md */,
				222EE2CF2EAD849500BACF1F /* start.sh */,
				222EE2D02EAD849500BACF1F /* START_HERE.md */,
				222EE2D12EAD849500BACF1F /* stop.sh */,
				222EE2D22EAD849500BACF1F /* voice_server.py */,
			);
			path = learning_page_logic;
			sourceTree = "<group>";
		};
		760248EF2EAD376B00F9CBCD = {
			isa = PBXGroup;
			children = (
				760248FA2EAD376B00F9CBCD /* Noter */,
				7602490B2EAD376C00F9CBCD /* NoterTests */,
				760249152EAD376C00F9CBCD /* NoterUITests */,
				760248F92EAD376B00F9CBCD /* Products */,
				76DF7EAA2EAD620A00209155 /* Noter-icon.icon */,
				222EE2D32EAD849500BACF1F /* learning_page_logic */,
			);
			sourceTree = "<group>";
		};
		760248F92EAD376B00F9CBCD /* Products */ = {
			isa = PBXGroup;
			children = (
				760248F82EAD376B00F9CBCD /* Noter.app */,
				760249082EAD376C00F9CBCD /* NoterTests.xctest */,
				760249122EAD376C00F9CBCD /* NoterUITests.xctest */,
			);
			name = Products;
			sourceTree = "<group>";
		};
/* End PBXGroup section */

/* Begin PBXNativeTarget section */
		760248F72EAD376B00F9CBCD /* Noter */ = {
			isa = PBXNativeTarget;
			buildConfigurationList = 7602491C2EAD376C00F9CBCD /* Build configuration list for PBXNativeTarget "Noter" */;
			buildPhases = (
				760248F42EAD376B00F9CBCD /* Sources */,
				760248F52EAD376B00F9CBCD /* Frameworks */,
			);
			buildRules = (
			);
			dependencies = (
			);
			fileSystemSynchronizedGroups = (
				760248FA2EAD376B00F9CBCD /* Noter */,
			);
			name = Noter;
			packageProductDependencies = (
			);
			productName = Noter;
			productReference = 760248F82EAD376B00F9CBCD /* Noter.app */;
			productType = "com.apple.product-type.application";
		};
		760249072EAD376C00F9CBCD /* NoterTests */ = {
			isa = PBXNativeTarget;
			buildConfigurationList = 7602491F2EAD376C00F9CBCD /* Build configuration list for PBXNativeTarget "NoterTests" */;
			buildPhases = (
				760249042EAD376C00F9CBCD /* Sources */,
				760249052EAD376C00F9CBCD /* Frameworks */,
				760249062EAD376C00F9CBCD /* Resources */,
			);
			buildRules = (
			);
			dependencies = (
				7602490A2EAD376C00F9CBCD /* PBXTargetDependency */,
			);
			fileSystemSynchronizedGroups = (
				7602490B2EAD376C00F9CBCD /* NoterTests */,
			);
			name = NoterTests;
			packageProductDependencies = (
			);
			productName = NoterTests;
			productReference = 760249082EAD376C00F9CBCD /* NoterTests.xctest */;
			productType = "com.apple.product-type.bundle.unit-test";
		};
		760249112EAD376C00F9CBCD /* NoterUITests */ = {
			isa = PBXNativeTarget;
			buildConfigurationList = 760249222EAD376C00F9CBCD /* Build configuration list for PBXNativeTarget "NoterUITests" */;
			buildPhases = (
				7602490E2EAD376C00F9CBCD /* Sources */,
				7602490F2EAD376C00F9CBCD /* Frameworks */,
				760249102EAD376C00F9CBCD /* Resources */,
			);
			buildRules = (
			);
			dependencies = (
				760249142EAD376C00F9CBCD /* PBXTargetDependency */,
			);
			fileSystemSynchronizedGroups = (
				760249152EAD376C00F9CBCD /* NoterUITests */,
			);
			name = NoterUITests;
			packageProductDependencies = (
			);
			productName = NoterUITests;
			productReference = 760249122EAD376C00F9CBCD /* NoterUITests.xctest */;
			productType = "com.apple.product-type.bundle.ui-testing";
		};
/* End PBXNativeTarget section */

/* Begin PBXProject section */
		760248F02EAD376B00F9CBCD /* Project object */ = {
			isa = PBXProject;
			attributes = {
				BuildIndependentTargetsInParallel = 1;
				LastSwiftUpdateCheck = 1640;
				LastUpgradeCheck = 1640;
				TargetAttributes = {
					760248F72EAD376B00F9CBCD = {
						CreatedOnToolsVersion = 16.4;
					};
					760249072EAD376C00F9CBCD = {
						CreatedOnToolsVersion = 16.4;
						TestTargetID = 760248F72EAD376B00F9CBCD;
					};
					760249112EAD376C00F9CBCD = {
						CreatedOnToolsVersion = 16.4;
						TestTargetID = 760248F72EAD376B00F9CBCD;
					};
				};
			};
			buildConfigurationList = 760248F32EAD376B00F9CBCD /* Build configuration list for PBXProject "Noter" */;
			developmentRegion = en;
			hasScannedForEncodings = 0;
			knownRegions = (
				en,
				Base,
			);
			mainGroup = 760248EF2EAD376B00F9CBCD;
			minimizedProjectReferenceProxies = 1;
			preferredProjectObjectVersion = 77;
			productRefGroup = 760248F92EAD376B00F9CBCD /* Products */;
			projectDirPath = "";
			projectRoot = "";
			targets = (
				760248F72EAD376B00F9CBCD /* Noter */,
				760249072EAD376C00F9CBCD /* NoterTests */,
				760249112EAD376C00F9CBCD /* NoterUITests */,
			);
		};
/* End PBXProject section */

/* Begin PBXResourcesBuildPhase section */
		760249062EAD376C00F9CBCD /* Resources */ = {
			isa = PBXResourcesBuildPhase;
			buildActionMask = 2147483647;
			files = (
			);
			runOnlyForDeploymentPostprocessing = 0;
		};
		760249102EAD376C00F9CBCD /* Resources */ = {
			isa = PBXResourcesBuildPhase;
			buildActionMask = 2147483647;
			files = (
			);
			runOnlyForDeploymentPostprocessing = 0;
		};
/* End PBXResourcesBuildPhase section */

/* Begin PBXSourcesBuildPhase section */
		760248F42EAD376B00F9CBCD /* Sources */ = {
			isa = PBXSourcesBuildPhase;
			buildActionMask = 2147483647;
			files = (
			);
			runOnlyForDeploymentPostprocessing = 0;
		};
		760249042EAD376C00F9CBCD /* Sources */ = {
			isa = PBXSourcesBuildPhase;
			buildActionMask = 2147483647;
			files = (
			);
			runOnlyForDeploymentPostprocessing = 0;
		};
		7602490E2EAD376C00F9CBCD /* Sources */ = {
			isa = PBXSourcesBuildPhase;
			buildActionMask = 2147483647;
			files = (
			);
			runOnlyForDeploymentPostprocessing = 0;
		};
/* End PBXSourcesBuildPhase section */

/* Begin PBXTargetDependency section */
		7602490A2EAD376C00F9CBCD /* PBXTargetDependency */ = {
			isa = PBXTargetDependency;
			target = 760248F72EAD376B00F9CBCD /* Noter */;
			targetProxy = 760249092EAD376C00F9CBCD /* PBXContainerItemProxy */;
		};
		760249142EAD376C00F9CBCD /* PBXTargetDependency */ = {
			isa = PBXTargetDependency;
			target = 760248F72EAD376B00F9CBCD /* Noter */;
			targetProxy = 760249132EAD376C00F9CBCD /* PBXContainerItemProxy */;
		};
/* End PBXTargetDependency section */

/* Begin XCBuildConfiguration section */
		7602491A2EAD376C00F9CBCD /* Debug */ = {
			isa = XCBuildConfiguration;
			buildSettings = {
				ALWAYS_SEARCH_USER_PATHS = NO;
				ASSETCATALOG_COMPILER_GENERATE_SWIFT_ASSET_SYMBOL_EXTENSIONS = YES;
				CLANG_ANALYZER_NONNULL = YES;
				CLANG_ANALYZER_NUMBER_OBJECT_CONVERSION = YES_AGGRESSIVE;
				CLANG_CXX_LANGUAGE_STANDARD = "gnu++20";
				CLANG_ENABLE_MODULES = YES;
				CLANG_ENABLE_OBJC_ARC = YES;
				CLANG_ENABLE_OBJC_WEAK = YES;
				CLANG_WARN_BLOCK_CAPTURE_AUTORELEASING = YES;
				CLANG_WARN_BOOL_CONVERSION = YES;
				CLANG_WARN_COMMA = YES;
				CLANG_WARN_CONSTANT_CONVERSION = YES;
				CLANG_WARN_DEPRECATED_OBJC_IMPLEMENTATIONS = YES;
				CLANG_WARN_DIRECT_OBJC_ISA_USAGE = YES_ERROR;
				CLANG_WARN_DOCUMENTATION_COMMENTS = YES;
				CLANG_WARN_EMPTY_BODY = YES;
				CLANG_WARN_ENUM_CONVERSION = YES;
				CLANG_WARN_INFINITE_RECURSION = YES;
				CLANG_WARN_INT_CONVERSION = YES;
				CLANG_WARN_NON_LITERAL_NULL_CONVERSION = YES;
				CLANG_WARN_OBJC_IMPLICIT_RETAIN_SELF = YES;
				CLANG_WARN_OBJC_LITERAL_CONVERSION = YES;
				CLANG_WARN_OBJC_ROOT_CLASS = YES_ERROR;
				CLANG_WARN_QUOTED_INCLUDE_IN_FRAMEWORK_HEADER = YES;
				CLANG_WARN_RANGE_LOOP_ANALYSIS = YES;
				CLANG_WARN_STRICT_PROTOTYPES = YES;
				CLANG_WARN_SUSPICIOUS_MOVE = YES;
				CLANG_WARN_UNGUARDED_AVAILABILITY = YES_AGGRESSIVE;
				CLANG_WARN_UNREACHABLE_CODE = YES;
				CLANG_WARN__DUPLICATE_METHOD_MATCH = YES;
				COPY_PHASE_STRIP = NO;
				DEBUG_INFORMATION_FORMAT = dwarf;
				DEVELOPMENT_TEAM = GF254L5A7K;
				ENABLE_STRICT_OBJC_MSGSEND = YES;
				ENABLE_TESTABILITY = YES;
				ENABLE_USER_SCRIPT_SANDBOXING = YES;
				GCC_C_LANGUAGE_STANDARD = gnu17;
				GCC_DYNAMIC_NO_PIC = NO;
				GCC_NO_COMMON_BLOCKS = YES;
				GCC_OPTIMIZATION_LEVEL = 0;
				GCC_PREPROCESSOR_DEFINITIONS = (
					"DEBUG=1",
					"$(inherited)",
				);
				GCC_WARN_64_TO_32_BIT_CONVERSION = YES;
				GCC_WARN_ABOUT_RETURN_TYPE = YES_ERROR;
				GCC_WARN_UNDECLARED_SELECTOR = YES;
				GCC_WARN_UNINITIALIZED_AUTOS = YES_AGGRESSIVE;
				GCC_WARN_UNUSED_FUNCTION = YES;
				GCC_WARN_UNUSED_VARIABLE = YES;
				LOCALIZATION_PREFERS_STRING_CATALOGS = YES;
				MTL_ENABLE_DEBUG_INFO = INCLUDE_SOURCE;
				MTL_FAST_MATH = YES;
				ONLY_ACTIVE_ARCH = YES;
				SWIFT_ACTIVE_COMPILATION_CONDITIONS = "DEBUG $(inherited)";
				SWIFT_OPTIMIZATION_LEVEL = "-Onone";
			};
			name = Debug;
		};
		7602491B2EAD376C00F9CBCD /* Release */ = {
			isa = XCBuildConfiguration;
			buildSettings = {
				ALWAYS_SEARCH_USER_PATHS = NO;
				ASSETCATALOG_COMPILER_GENERATE_SWIFT_ASSET_SYMBOL_EXTENSIONS = YES;
				CLANG_ANALYZER_NONNULL = YES;
				CLANG_ANALYZER_NUMBER_OBJECT_CONVERSION = YES_AGGRESSIVE;
				CLANG_CXX_LANGUAGE_STANDARD = "gnu++20";
				CLANG_ENABLE_MODULES = YES;
				CLANG_ENABLE_OBJC_ARC = YES;
				CLANG_ENABLE_OBJC_WEAK = YES;
				CLANG_WARN_BLOCK_CAPTURE_AUTORELEASING = YES;
				CLANG_WARN_BOOL_CONVERSION = YES;
				CLANG_WARN_COMMA = YES;
				CLANG_WARN_CONSTANT_CONVERSION = YES;
				CLANG_WARN_DEPRECATED_OBJC_IMPLEMENTATIONS = YES;
				CLANG_WARN_DIRECT_OBJC_ISA_USAGE = YES_ERROR;
				CLANG_WARN_DOCUMENTATION_COMMENTS = YES;
				CLANG_WARN_EMPTY_BODY = YES;
				CLANG_WARN_ENUM_CONVERSION = YES;
				CLANG_WARN_INFINITE_RECURSION = YES;
				CLANG_WARN_INT_CONVERSION = YES;
				CLANG_WARN_NON_LITERAL_NULL_CONVERSION = YES;
				CLANG_WARN_OBJC_IMPLICIT_RETAIN_SELF = YES;
				CLANG_WARN_OBJC_LITERAL_CONVERSION = YES;
				CLANG_WARN_OBJC_ROOT_CLASS = YES_ERROR;
				CLANG_WARN_QUOTED_INCLUDE_IN_FRAMEWORK_HEADER = YES;
				CLANG_WARN_RANGE_LOOP_ANALYSIS = YES;
				CLANG_WARN_STRICT_PROTOTYPES = YES;
				CLANG_WARN_SUSPICIOUS_MOVE = YES;
				CLANG_WARN_UNGUARDED_AVAILABILITY = YES_AGGRESSIVE;
				CLANG_WARN_UNREACHABLE_CODE = YES;
				CLANG_WARN__DUPLICATE_METHOD_MATCH = YES;
				COPY_PHASE_STRIP = NO;
				DEBUG_INFORMATION_FORMAT = "dwarf-with-dsym";
				DEVELOPMENT_TEAM = GF254L5A7K;
				ENABLE_NS_ASSERTIONS = NO;
				ENABLE_STRICT_OBJC_MSGSEND = YES;
				ENABLE_USER_SCRIPT_SANDBOXING = YES;
				GCC_C_LANGUAGE_STANDARD = gnu17;
				GCC_NO_COMMON_BLOCKS = YES;
				GCC_WARN_64_TO_32_BIT_CONVERSION = YES;
				GCC_WARN_ABOUT_RETURN_TYPE = YES_ERROR;
				GCC_WARN_UNDECLARED_SELECTOR = YES;
				GCC_WARN_UNINITIALIZED_AUTOS = YES_AGGRESSIVE;
				GCC_WARN_UNUSED_FUNCTION = YES;
				GCC_WARN_UNUSED_VARIABLE = YES;
				LOCALIZATION_PREFERS_STRING_CATALOGS = YES;
				MTL_ENABLE_DEBUG_INFO = NO;
				MTL_FAST_MATH = YES;
				SWIFT_COMPILATION_MODE = wholemodule;
			};
			name = Release;
		};
		7602491D2EAD376C00F9CBCD /* Debug */ = {
			isa = XCBuildConfiguration;
			buildSettings = {
				ASSETCATALOG_COMPILER_APPICON_NAME = "Noter-icon";
				ASSETCATALOG_COMPILER_GLOBAL_ACCENT_COLOR_NAME = AccentColor;
				CODE_SIGN_ENTITLEMENTS = Noter/Noter.entitlements;
				CODE_SIGN_STYLE = Automatic;
				CURRENT_PROJECT_VERSION = 1;
				DEVELOPMENT_TEAM = 3Y97M7992M;
				ENABLE_HARDENED_RUNTIME = YES;
				ENABLE_PREVIEWS = YES;
				GENERATE_INFOPLIST_FILE = YES;
				"INFOPLIST_KEY_UIApplicationSceneManifest_Generation[sdk=iphoneos*]" = YES;
				"INFOPLIST_KEY_UIApplicationSceneManifest_Generation[sdk=iphonesimulator*]" = YES;
				"INFOPLIST_KEY_UIApplicationSupportsIndirectInputEvents[sdk=iphoneos*]" = YES;
				"INFOPLIST_KEY_UIApplicationSupportsIndirectInputEvents[sdk=iphonesimulator*]" = YES;
				"INFOPLIST_KEY_UILaunchScreen_Generation[sdk=iphoneos*]" = YES;
				"INFOPLIST_KEY_UILaunchScreen_Generation[sdk=iphonesimulator*]" = YES;
				"INFOPLIST_KEY_UIStatusBarStyle[sdk=iphoneos*]" = UIStatusBarStyleDefault;
				"INFOPLIST_KEY_UIStatusBarStyle[sdk=iphonesimulator*]" = UIStatusBarStyleDefault;
				INFOPLIST_KEY_UISupportedInterfaceOrientations_iPad = "UIInterfaceOrientationPortrait UIInterfaceOrientationPortraitUpsideDown UIInterfaceOrientationLandscapeLeft UIInterfaceOrientationLandscapeRight";
				INFOPLIST_KEY_UISupportedInterfaceOrientations_iPhone = "UIInterfaceOrientationPortrait UIInterfaceOrientationLandscapeLeft UIInterfaceOrientationLandscapeRight";
				IPHONEOS_DEPLOYMENT_TARGET = 18.5;
				LD_RUNPATH_SEARCH_PATHS = "@executable_path/Frameworks";
				"LD_RUNPATH_SEARCH_PATHS[sdk=macosx*]" = "@executable_path/../Frameworks";
				MACOSX_DEPLOYMENT_TARGET = 14.0;
				MARKETING_VERSION = 1.0;
				PRODUCT_BUNDLE_IDENTIFIER = com.haoming.noter;
				PRODUCT_NAME = "$(TARGET_NAME)";
				REGISTER_APP_GROUPS = YES;
				SDKROOT = auto;
				SUPPORTED_PLATFORMS = "iphoneos iphonesimulator macosx xros xrsimulator";
				SWIFT_EMIT_LOC_STRINGS = YES;
				SWIFT_VERSION = 5.0;
				TARGETED_DEVICE_FAMILY = "1,2,7";
				XROS_DEPLOYMENT_TARGET = 2.5;
			};
			name = Debug;
		};
		7602491E2EAD376C00F9CBCD /* Release */ = {
			isa = XCBuildConfiguration;
			buildSettings = {
				ASSETCATALOG_COMPILER_APPICON_NAME = "Noter-icon";
				ASSETCATALOG_COMPILER_GLOBAL_ACCENT_COLOR_NAME = AccentColor;
				CODE_SIGN_ENTITLEMENTS = Noter/Noter.entitlements;
				CODE_SIGN_STYLE = Automatic;
				CURRENT_PROJECT_VERSION = 1;
				DEVELOPMENT_TEAM = 3Y97M7992M;
				ENABLE_HARDENED_RUNTIME = YES;
				ENABLE_PREVIEWS = YES;
				GENERATE_INFOPLIST_FILE = YES;
				"INFOPLIST_KEY_UIApplicationSceneManifest_Generation[sdk=iphoneos*]" = YES;
				"INFOPLIST_KEY_UIApplicationSceneManifest_Generation[sdk=iphonesimulator*]" = YES;
				"INFOPLIST_KEY_UIApplicationSupportsIndirectInputEvents[sdk=iphoneos*]" = YES;
				"INFOPLIST_KEY_UIApplicationSupportsIndirectInputEvents[sdk=iphonesimulator*]" = YES;
				"INFOPLIST_KEY_UILaunchScreen_Generation[sdk=iphoneos*]" = YES;
				"INFOPLIST_KEY_UILaunchScreen_Generation[sdk=iphonesimulator*]" = YES;
				"INFOPLIST_KEY_UIStatusBarStyle[sdk=iphoneos*]" = UIStatusBarStyleDefault;
				"INFOPLIST_KEY_UIStatusBarStyle[sdk=iphonesimulator*]" = UIStatusBarStyleDefault;
				INFOPLIST_KEY_UISupportedInterfaceOrientations_iPad = "UIInterfaceOrientationPortrait UIInterfaceOrientationPortraitUpsideDown UIInterfaceOrientationLandscapeLeft UIInterfaceOrientationLandscapeRight";
				INFOPLIST_KEY_UISupportedInterfaceOrientations_iPhone = "UIInterfaceOrientationPortrait UIInterfaceOrientationLandscapeLeft UIInterfaceOrientationLandscapeRight";
				IPHONEOS_DEPLOYMENT_TARGET = 18.5;
				LD_RUNPATH_SEARCH_PATHS = "@executable_path/Frameworks";
				"LD_RUNPATH_SEARCH_PATHS[sdk=macosx*]" = "@executable_path/../Frameworks";
				MACOSX_DEPLOYMENT_TARGET = 14.0;
				MARKETING_VERSION = 1.0;
				PRODUCT_BUNDLE_IDENTIFIER = com.haoming.noter;
				PRODUCT_NAME = "$(TARGET_NAME)";
				REGISTER_APP_GROUPS = YES;
				SDKROOT = auto;
				SUPPORTED_PLATFORMS = "iphoneos iphonesimulator macosx xros xrsimulator";
				SWIFT_EMIT_LOC_STRINGS = YES;
				SWIFT_VERSION = 5.0;
				TARGETED_DEVICE_FAMILY = "1,2,7";
				XROS_DEPLOYMENT_TARGET = 2.5;
			};
			name = Release;
		};
		760249202EAD376C00F9CBCD /* Debug */ = {
			isa = XCBuildConfiguration;
			buildSettings = {
				BUNDLE_LOADER = "$(TEST_HOST)";
				CODE_SIGN_STYLE = Automatic;
				CURRENT_PROJECT_VERSION = 1;
				DEVELOPMENT_TEAM = GF254L5A7K;
				GENERATE_INFOPLIST_FILE = YES;
				IPHONEOS_DEPLOYMENT_TARGET = 18.5;
				MACOSX_DEPLOYMENT_TARGET = 15.5;
				MARKETING_VERSION = 1.0;
				PRODUCT_BUNDLE_IDENTIFIER = com.Miranielming.NoterTests;
				PRODUCT_NAME = "$(TARGET_NAME)";
				SDKROOT = auto;
				SUPPORTED_PLATFORMS = "iphoneos iphonesimulator macosx xros xrsimulator";
				SWIFT_EMIT_LOC_STRINGS = NO;
				SWIFT_VERSION = 5.0;
				TARGETED_DEVICE_FAMILY = "1,2,7";
				TEST_HOST = "$(BUILT_PRODUCTS_DIR)/Noter.app/$(BUNDLE_EXECUTABLE_FOLDER_PATH)/Noter";
				XROS_DEPLOYMENT_TARGET = 2.5;
			};
			name = Debug;
		};
		760249212EAD376C00F9CBCD /* Release */ = {
			isa = XCBuildConfiguration;
			buildSettings = {
				BUNDLE_LOADER = "$(TEST_HOST)";
				CODE_SIGN_STYLE = Automatic;
				CURRENT_PROJECT_VERSION = 1;
				DEVELOPMENT_TEAM = GF254L5A7K;
				GENERATE_INFOPLIST_FILE = YES;
				IPHONEOS_DEPLOYMENT_TARGET = 18.5;
				MACOSX_DEPLOYMENT_TARGET = 15.5;
				MARKETING_VERSION = 1.0;
				PRODUCT_BUNDLE_IDENTIFIER = com.Miranielming.NoterTests;
				PRODUCT_NAME = "$(TARGET_NAME)";
				SDKROOT = auto;
				SUPPORTED_PLATFORMS = "iphoneos iphonesimulator macosx xros xrsimulator";
				SWIFT_EMIT_LOC_STRINGS = NO;
				SWIFT_VERSION = 5.0;
				TARGETED_DEVICE_FAMILY = "1,2,7";
				TEST_HOST = "$(BUILT_PRODUCTS_DIR)/Noter.app/$(BUNDLE_EXECUTABLE_FOLDER_PATH)/Noter";
				XROS_DEPLOYMENT_TARGET = 2.5;
			};
			name = Release;
		};
		760249232EAD376C00F9CBCD /* Debug */ = {
			isa = XCBuildConfiguration;
			buildSettings = {
				CODE_SIGN_STYLE = Automatic;
				CURRENT_PROJECT_VERSION = 1;
				DEVELOPMENT_TEAM = GF254L5A7K;
				GENERATE_INFOPLIST_FILE = YES;
				IPHONEOS_DEPLOYMENT_TARGET = 18.5;
				MACOSX_DEPLOYMENT_TARGET = 15.5;
				MARKETING_VERSION = 1.0;
				PRODUCT_BUNDLE_IDENTIFIER = com.Miranielming.NoterUITests;
				PRODUCT_NAME = "$(TARGET_NAME)";
				SDKROOT = auto;
				SUPPORTED_PLATFORMS = "iphoneos iphonesimulator macosx xros xrsimulator";
				SWIFT_EMIT_LOC_STRINGS = NO;
				SWIFT_VERSION = 5.0;
				TARGETED_DEVICE_FAMILY = "1,2,7";
				TEST_TARGET_NAME = Noter;
				XROS_DEPLOYMENT_TARGET = 2.5;
			};
			name = Debug;
		};
		760249242EAD376C00F9CBCD /* Release */ = {
			isa = XCBuildConfiguration;
			buildSettings = {
				CODE_SIGN_STYLE = Automatic;
				CURRENT_PROJECT_VERSION = 1;
				DEVELOPMENT_TEAM = GF254L5A7K;
				GENERATE_INFOPLIST_FILE = YES;
				IPHONEOS_DEPLOYMENT_TARGET = 18.5;
				MACOSX_DEPLOYMENT_TARGET = 15.5;
				MARKETING_VERSION = 1.0;
				PRODUCT_BUNDLE_IDENTIFIER = com.Miranielming.NoterUITests;
				PRODUCT_NAME = "$(TARGET_NAME)";
				SDKROOT = auto;
				SUPPORTED_PLATFORMS = "iphoneos iphonesimulator macosx xros xrsimulator";
				SWIFT_EMIT_LOC_STRINGS = NO;
				SWIFT_VERSION = 5.0;
				TARGETED_DEVICE_FAMILY = "1,2,7";
				TEST_TARGET_NAME = Noter;
				XROS_DEPLOYMENT_TARGET = 2.5;
			};
			name = Release;
		};
/* End XCBuildConfiguration section */

/* Begin XCConfigurationList section */
		760248F32EAD376B00F9CBCD /* Build configuration list for PBXProject "Noter" */ = {
			isa = XCConfigurationList;
			buildConfigurations = (
				7602491A2EAD376C00F9CBCD /* Debug */,
				7602491B2EAD376C00F9CBCD /* Release */,
			);
			defaultConfigurationIsVisible = 0;
			defaultConfigurationName = Release;
		};
		7602491C2EAD376C00F9CBCD /* Build configuration list for PBXNativeTarget "Noter" */ = {
			isa = XCConfigurationList;
			buildConfigurations = (
				7602491D2EAD376C00F9CBCD /* Debug */,
				7602491E2EAD376C00F9CBCD /* Release */,
			);
			defaultConfigurationIsVisible = 0;
			defaultConfigurationName = Release;
		};
		7602491F2EAD376C00F9CBCD /* Build configuration list for PBXNativeTarget "NoterTests" */ = {
			isa = XCConfigurationList;
			buildConfigurations = (
				760249202EAD376C00F9CBCD /* Debug */,
				760249212EAD376C00F9CBCD /* Release */,
			);
			defaultConfigurationIsVisible = 0;
			defaultConfigurationName = Release;
		};
		760249222EAD376C00F9CBCD /* Build configuration list for PBXNativeTarget "NoterUITests" */ = {
			isa = XCConfigurationList;
			buildConfigurations = (
				760249232EAD376C00F9CBCD /* Debug */,
				760249242EAD376C00F9CBCD /* Release */,
			);
			defaultConfigurationIsVisible = 0;
			defaultConfigurationName = Release;
		};
/* End XCConfigurationList section */
	};
	rootObject = 760248F02EAD376B00F9CBCD /* Project object */;
}
